
Microsoft Visual Studio Solution File, Format Version 12.00
# Visual Studio Version 17
VisualStudioVersion = 17.4.33213.308
MinimumVisualStudioVersion = 10.0.40219.1
Project("{FAE04EC0-301F-11D3-BF4B-00C04F79EFBC}") = "OperatorsC", "OperatorsC\OperatorsC.csproj", "{D3DD1C57-F85B-4877-8F62-7B30A4EDD9C6}"
EndProject
Global
	GlobalSection(SolutionConfigurationPlatforms) = preSolution
		Debug|Any CPU = Debug|Any CPU
		Release|Any CPU = Release|Any CPU
	EndGlobalSection
	GlobalSection(ProjectConfigurationPlatforms) = postSolution
		{D3DD1C57-F85B-4877-8F62-7B30A4EDD9C6}.Debug|Any CPU.ActiveCfg = Debug|Any CPU
		{D3DD1C57-F85B-4877-8F62-7B30A4EDD9C6}.Debug|Any CPU.Build.0 = Debug|Any CPU
		{D3DD1C57-F85B-4877-8F62-7B30A4EDD9C6}.Release|Any CPU.ActiveCfg = Release|Any CPU
		{D3DD1C57-F85B-4877-8F62-7B30A4EDD9C6}.Release|Any CPU.Build.0 = Release|Any CPU
	EndGlobalSection
	GlobalSection(SolutionProperties) = preSolution
		HideSolutionNode = FALSE
	EndGlobalSection
	GlobalSection(ExtensibilityGlobals) = postSolution
		SolutionGuid = {1DE70164-1AE2-41B8-9EFF-E5C14AE5A3E1}
	EndGlobalSection
EndGlobal
